
Microsoft Visual Studio Solution File, Format Version 12.00
# Visual Studio 14
VisualStudioVersion = 14.0.25420.1
MinimumVisualStudioVersion = 10.0.40219.1
Project("{FAE04EC0-301F-11D3-BF4B-00C04F79EFBC}") = "PhonePal", "PhonePal\PhonePal.csproj", "{A236361F-ED26-4573-9468-3B276808EF73}"
EndProject
Project("{FAE04EC0-301F-11D3-BF4B-00C04F79EFBC}") = "PhonePalClassLibrary", "ClassLibrary\PhonePalClassLibrary.csproj", "{00CD69DD-EA31-40E1-94EB-6A5EF32AF636}"
EndProject
Project("{FAE04EC0-301F-11D3-BF4B-00C04F79EFBC}") = "PhonePalTest", "PhonePalTest\PhonePalTest.csproj", "{6BA42735-66DD-4E26-B32D-C2B7279FE038}"
EndProject
Global
	GlobalSection(SolutionConfigurationPlatforms) = preSolution
		Debug|Any CPU = Debug|Any CPU
		Release|Any CPU = Release|Any CPU
	EndGlobalSection
	GlobalSection(ProjectConfigurationPlatforms) = postSolution
		{A236361F-ED26-4573-9468-3B276808EF73}.Debug|Any CPU.ActiveCfg = Debug|Any CPU
		{A236361F-ED26-4573-9468-3B276808EF73}.Debug|Any CPU.Build.0 = Debug|Any CPU
		{A236361F-ED26-4573-9468-3B276808EF73}.Release|Any CPU.ActiveCfg = Release|Any CPU
		{A236361F-ED26-4573-9468-3B276808EF73}.Release|Any CPU.Build.0 = Release|Any CPU
		{00CD69DD-EA31-40E1-94EB-6A5EF32AF636}.Debug|Any CPU.ActiveCfg = Debug|Any CPU
		{00CD69DD-EA31-40E1-94EB-6A5EF32AF636}.Debug|Any CPU.Build.0 = Debug|Any CPU
		{00CD69DD-EA31-40E1-94EB-6A5EF32AF636}.Release|Any CPU.ActiveCfg = Release|Any CPU
		{00CD69DD-EA31-40E1-94EB-6A5EF32AF636}.Release|Any CPU.Build.0 = Release|Any CPU
		{6BA42735-66DD-4E26-B32D-C2B7279FE038}.Debug|Any CPU.ActiveCfg = Debug|Any CPU
		{6BA42735-66DD-4E26-B32D-C2B7279FE038}.Debug|Any CPU.Build.0 = Debug|Any CPU
		{6BA42735-66DD-4E26-B32D-C2B7279FE038}.Release|Any CPU.ActiveCfg = Release|Any CPU
		{6BA42735-66DD-4E26-B32D-C2B7279FE038}.Release|Any CPU.Build.0 = Release|Any CPU
	EndGlobalSection
	GlobalSection(SolutionProperties) = preSolution
		HideSolutionNode = FALSE
	EndGlobalSection
EndGlobal
