
Microsoft Visual Studio Solution File, Format Version 12.00
# Visual Studio 14
VisualStudioVersion = 14.0.25420.1
MinimumVisualStudioVersion = 10.0.40219.1
Project("{E24C65DC-7377-472B-9ABA-BC803B73C61A}") = "HTML", ".", "{32BCB403-DCE9-41F3-B3EE-98E5730B3C6E}"
	ProjectSection(WebsiteProperties) = preProject
		TargetFrameworkMoniker = ".NETFramework,Version%3Dv4.5.2"
		Debug.AspNetCompiler.VirtualPath = "/localhost_54874"
		Debug.AspNetCompiler.PhysicalPath = "..\Prototype Web\"
		Debug.AspNetCompiler.TargetPath = "PrecompiledWeb\localhost_54874\"
		Debug.AspNetCompiler.Updateable = "true"
		Debug.AspNetCompiler.ForceOverwrite = "true"
		Debug.AspNetCompiler.FixedNames = "false"
		Debug.AspNetCompiler.Debug = "True"
		Release.AspNetCompiler.VirtualPath = "/localhost_54874"
		Release.AspNetCompiler.PhysicalPath = "..\Prototype Web\"
		Release.AspNetCompiler.TargetPath = "PrecompiledWeb\localhost_54874\"
		Release.AspNetCompiler.Updateable = "true"
		Release.AspNetCompiler.ForceOverwrite = "true"
		Release.AspNetCompiler.FixedNames = "false"
		Release.AspNetCompiler.Debug = "False"
		VWDPort = "54874"
		SlnRelativePath = "..\Prototype Web\"
	EndProjectSection
EndProject
Project("{FAE04EC0-301F-11D3-BF4B-00C04F79EFBC}") = "Contract Test Framework", "..\Prototype Test Framework\Contract Test Framework.csproj", "{9D868131-E7F1-42CD-B93D-A3B081730BAB}"
EndProject
Project("{FAE04EC0-301F-11D3-BF4B-00C04F79EFBC}") = "Contract Class Library", "Contract Class Library\Contract Class Library.csproj", "{7C0F691F-2214-4399-9189-E761EFA35035}"
EndProject
Global
	GlobalSection(SolutionConfigurationPlatforms) = preSolution
		Debug|Any CPU = Debug|Any CPU
		Release|Any CPU = Release|Any CPU
	EndGlobalSection
	GlobalSection(ProjectConfigurationPlatforms) = postSolution
		{32BCB403-DCE9-41F3-B3EE-98E5730B3C6E}.Debug|Any CPU.ActiveCfg = Debug|Any CPU
		{32BCB403-DCE9-41F3-B3EE-98E5730B3C6E}.Debug|Any CPU.Build.0 = Debug|Any CPU
		{32BCB403-DCE9-41F3-B3EE-98E5730B3C6E}.Release|Any CPU.ActiveCfg = Debug|Any CPU
		{32BCB403-DCE9-41F3-B3EE-98E5730B3C6E}.Release|Any CPU.Build.0 = Debug|Any CPU
		{9D868131-E7F1-42CD-B93D-A3B081730BAB}.Debug|Any CPU.ActiveCfg = Debug|Any CPU
		{9D868131-E7F1-42CD-B93D-A3B081730BAB}.Debug|Any CPU.Build.0 = Debug|Any CPU
		{9D868131-E7F1-42CD-B93D-A3B081730BAB}.Release|Any CPU.ActiveCfg = Release|Any CPU
		{9D868131-E7F1-42CD-B93D-A3B081730BAB}.Release|Any CPU.Build.0 = Release|Any CPU
		{7C0F691F-2214-4399-9189-E761EFA35035}.Debug|Any CPU.ActiveCfg = Debug|Any CPU
		{7C0F691F-2214-4399-9189-E761EFA35035}.Debug|Any CPU.Build.0 = Debug|Any CPU
		{7C0F691F-2214-4399-9189-E761EFA35035}.Release|Any CPU.ActiveCfg = Release|Any CPU
		{7C0F691F-2214-4399-9189-E761EFA35035}.Release|Any CPU.Build.0 = Release|Any CPU
	EndGlobalSection
	GlobalSection(SolutionProperties) = preSolution
		HideSolutionNode = FALSE
	EndGlobalSection
EndGlobal
