
Microsoft Visual Studio Solution File, Format Version 12.00
# Visual Studio 15
VisualStudioVersion = 15.0.27428.2005
MinimumVisualStudioVersion = 10.0.40219.1
Project("{FAE04EC0-301F-11D3-BF4B-00C04F79EFBC}") = "PhonePalTest", "..\PhonePalTest\PhonePalTest.csproj", "{6BA42735-66DD-4E26-B32D-C2B7279FE038}"
EndProject
Project("{FAE04EC0-301F-11D3-BF4B-00C04F79EFBC}") = "PhonePalClassLibrary", "..\ClassLibrary\PhonePalClassLibrary.csproj", "{00CD69DD-EA31-40E1-94EB-6A5EF32AF636}"
EndProject
Project("{E24C65DC-7377-472B-9ABA-BC803B73C61A}") = "Phone Pal Website", "..\Phone Pal Website\", "{595ED680-4585-4A01-901E-0C782B247B28}"
	ProjectSection(WebsiteProperties) = preProject
		TargetFrameworkMoniker = ".NETFramework,Version%3Dv4.5.2"
		ProjectReferences = "{00cd69dd-ea31-40e1-94eb-6a5ef32af636}|ClassLibrary.dll;"
		Debug.AspNetCompiler.VirtualPath = "/localhost_51431"
		Debug.AspNetCompiler.PhysicalPath = "..\Phone Pal Website\"
		Debug.AspNetCompiler.TargetPath = "PrecompiledWeb\localhost_51431\"
		Debug.AspNetCompiler.Updateable = "true"
		Debug.AspNetCompiler.ForceOverwrite = "true"
		Debug.AspNetCompiler.FixedNames = "false"
		Debug.AspNetCompiler.Debug = "True"
		Release.AspNetCompiler.VirtualPath = "/localhost_51431"
		Release.AspNetCompiler.PhysicalPath = "..\Phone Pal Website\"
		Release.AspNetCompiler.TargetPath = "PrecompiledWeb\localhost_51431\"
		Release.AspNetCompiler.Updateable = "true"
		Release.AspNetCompiler.ForceOverwrite = "true"
		Release.AspNetCompiler.FixedNames = "false"
		Release.AspNetCompiler.Debug = "False"
		VWDPort = "51431"
		SlnRelativePath = "..\Phone Pal Website\"
	EndProjectSection
EndProject
Global
	GlobalSection(SolutionConfigurationPlatforms) = preSolution
		Debug|Any CPU = Debug|Any CPU
		Release|Any CPU = Release|Any CPU
	EndGlobalSection
	GlobalSection(ProjectConfigurationPlatforms) = postSolution
		{6BA42735-66DD-4E26-B32D-C2B7279FE038}.Debug|Any CPU.ActiveCfg = Debug|Any CPU
		{6BA42735-66DD-4E26-B32D-C2B7279FE038}.Debug|Any CPU.Build.0 = Debug|Any CPU
		{6BA42735-66DD-4E26-B32D-C2B7279FE038}.Release|Any CPU.ActiveCfg = Release|Any CPU
		{6BA42735-66DD-4E26-B32D-C2B7279FE038}.Release|Any CPU.Build.0 = Release|Any CPU
		{00CD69DD-EA31-40E1-94EB-6A5EF32AF636}.Debug|Any CPU.ActiveCfg = Debug|Any CPU
		{00CD69DD-EA31-40E1-94EB-6A5EF32AF636}.Debug|Any CPU.Build.0 = Debug|Any CPU
		{00CD69DD-EA31-40E1-94EB-6A5EF32AF636}.Release|Any CPU.ActiveCfg = Release|Any CPU
		{00CD69DD-EA31-40E1-94EB-6A5EF32AF636}.Release|Any CPU.Build.0 = Release|Any CPU
		{595ED680-4585-4A01-901E-0C782B247B28}.Debug|Any CPU.ActiveCfg = Debug|Any CPU
		{595ED680-4585-4A01-901E-0C782B247B28}.Debug|Any CPU.Build.0 = Debug|Any CPU
		{595ED680-4585-4A01-901E-0C782B247B28}.Release|Any CPU.ActiveCfg = Debug|Any CPU
		{595ED680-4585-4A01-901E-0C782B247B28}.Release|Any CPU.Build.0 = Debug|Any CPU
	EndGlobalSection
	GlobalSection(SolutionProperties) = preSolution
		HideSolutionNode = FALSE
	EndGlobalSection
	GlobalSection(ExtensibilityGlobals) = postSolution
		SolutionGuid = {CF5C9337-BA18-4382-B988-4F9CD93A2D57}
	EndGlobalSection
EndGlobal
